
Microsoft Visual Studio Solution File, Format Version 12.00
# Visual Studio 2012
Project("{FAE04EC0-301F-11D3-BF4B-00C04F79EFBC}") = "Kvas", "Kvas\Kvas.csproj", "{8EAC529D-DA9A-42EA-8B0B-FED403B7CBFA}"
EndProject
Global
	GlobalSection(SolutionConfigurationPlatforms) = preSolution
		Debug|Any CPU = Debug|Any CPU
		Release|Any CPU = Release|Any CPU
	EndGlobalSection
	GlobalSection(ProjectConfigurationPlatforms) = postSolution
		{8EAC529D-DA9A-42EA-8B0B-FED403B7CBFA}.Debug|Any CPU.ActiveCfg = Debug|Any CPU
		{8EAC529D-DA9A-42EA-8B0B-FED403B7CBFA}.Debug|Any CPU.Build.0 = Debug|Any CPU
		{8EAC529D-DA9A-42EA-8B0B-FED403B7CBFA}.Release|Any CPU.ActiveCfg = Release|Any CPU
		{8EAC529D-DA9A-42EA-8B0B-FED403B7CBFA}.Release|Any CPU.Build.0 = Release|Any CPU
	EndGlobalSection
	GlobalSection(SolutionProperties) = preSolution
		HideSolutionNode = FALSE
	EndGlobalSection
EndGlobal
